{
  "nodes": {
    "crane": {
      "locked": {
        "lastModified": 1750266157,
        "narHash": "sha256-tL42YoNg9y30u7zAqtoGDNdTyXTi8EALDeCB13FtbQA=",
        "owner": "ipetkov",
        "repo": "crane",
        "rev": "e37c943371b73ed87faf33f7583860f81f1d5a48",
        "type": "github"
      },
      "original": {
        "owner": "ipetkov",
        "repo": "crane",
        "type": "github"
      }
    },
    "nixpkgs": {
      "locked": {
        "lastModified": 1750351743,
        "narHash": "sha256-N7kT72JByG2HnZ+p6O67KzGwUWdKZpWu8lmeXoor5VQ=",
        "owner": "bengsparks",
        "repo": "nixpkgs",
        "rev": "03d8d695596be08ac20c9ff97ed14f309e2ba408",
        "type": "github"
      },
      "original": {
        "owner": "bengsparks",
        "ref": "libvncserver-tests",
        "repo": "nixpkgs",
        "type": "github"
      }
    },
    "root": {
      "inputs": {
        "crane": "crane",
        "nixpkgs": "nixpkgs",
        "rust-overlay": "rust-overlay"
      }
    },
    "rust-overlay": {
      "inputs": {
        "nixpkgs": [
          "nixpkgs"
        ]
      },
      "locked": {
        "lastModified": 1750214276,
        "narHash": "sha256-1kniuhH70q4TAC/xIvjFYH46aHiLrbIlcr6fdrRwO1A=",
        "owner": "oxalica",
        "repo": "rust-overlay",
        "rev": "f9b2b2b1327ff6beab4662b8ea41689e0a57b8d4",
        "type": "github"
      },
      "original": {
        "owner": "oxalica",
        "repo": "rust-overlay",
        "type": "github"
      }
    }
  },
  "root": "root",
  "version": 7
}
